
Microsoft Visual Studio Solution File, Format Version 12.00
# Visual Studio Version 17
VisualStudioVersion = 17.5.33502.453
MinimumVisualStudioVersion = 10.0.40219.1
Project("{FAE04EC0-301F-11D3-BF4B-00C04F79EFBC}") = "Clase 4 - Actividad 3 (clase3)", "Clase 4 - Actividad 3 (clase3)\Clase 4 - Actividad 3 (clase3).csproj", "{5DBA98A9-4324-4C1D-841F-98D0BE9B4127}"
EndProject
Global
	GlobalSection(SolutionConfigurationPlatforms) = preSolution
		Debug|Any CPU = Debug|Any CPU
		Release|Any CPU = Release|Any CPU
	EndGlobalSection
	GlobalSection(ProjectConfigurationPlatforms) = postSolution
		{5DBA98A9-4324-4C1D-841F-98D0BE9B4127}.Debug|Any CPU.ActiveCfg = Debug|Any CPU
		{5DBA98A9-4324-4C1D-841F-98D0BE9B4127}.Debug|Any CPU.Build.0 = Debug|Any CPU
		{5DBA98A9-4324-4C1D-841F-98D0BE9B4127}.Release|Any CPU.ActiveCfg = Release|Any CPU
		{5DBA98A9-4324-4C1D-841F-98D0BE9B4127}.Release|Any CPU.Build.0 = Release|Any CPU
	EndGlobalSection
	GlobalSection(SolutionProperties) = preSolution
		HideSolutionNode = FALSE
	EndGlobalSection
	GlobalSection(ExtensibilityGlobals) = postSolution
		SolutionGuid = {0816F050-5A14-436E-AA56-70C572150A8B}
	EndGlobalSection
EndGlobal
